
Microsoft Visual Studio Solution File, Format Version 12.00
# Visual Studio Version 17
VisualStudioVersion = 17.3.32825.248
MinimumVisualStudioVersion = 10.0.40219.1
Project("{FAE04EC0-301F-11D3-BF4B-00C04F79EFBC}") = "SerializeProject", "SerializeProject\SerializeProject.csproj", "{11CF78C0-D96C-4E21-88E0-342F874DEB8E}"
EndProject
Global
	GlobalSection(SolutionConfigurationPlatforms) = preSolution
		Debug|Any CPU = Debug|Any CPU
		Release|Any CPU = Release|Any CPU
	EndGlobalSection
	GlobalSection(ProjectConfigurationPlatforms) = postSolution
		{11CF78C0-D96C-4E21-88E0-342F874DEB8E}.Debug|Any CPU.ActiveCfg = Debug|Any CPU
		{11CF78C0-D96C-4E21-88E0-342F874DEB8E}.Debug|Any CPU.Build.0 = Debug|Any CPU
		{11CF78C0-D96C-4E21-88E0-342F874DEB8E}.Release|Any CPU.ActiveCfg = Release|Any CPU
		{11CF78C0-D96C-4E21-88E0-342F874DEB8E}.Release|Any CPU.Build.0 = Release|Any CPU
	EndGlobalSection
	GlobalSection(SolutionProperties) = preSolution
		HideSolutionNode = FALSE
	EndGlobalSection
	GlobalSection(ExtensibilityGlobals) = postSolution
		SolutionGuid = {7131034A-403A-430A-A359-8E9A56A23B4D}
	EndGlobalSection
EndGlobal
